
Microsoft Visual Studio Solution File, Format Version 12.00
# Visual Studio 15
VisualStudioVersion = 15.0.28307.1209
MinimumVisualStudioVersion = 10.0.40219.1
Project("{8BC9CEB8-8B4A-11D0-8D11-00A0C91BC942}") = "DigitalEarth", "DigitalEarth\DigitalEarth.vcxproj", "{65FC5D25-6FCC-4D62-B74E-608CF430AA05}"
EndProject
Project("{8BC9CEB8-8B4A-11D0-8D11-00A0C91BC942}") = "Demo", "Demo\Demo.vcxproj", "{3FF86440-FC89-4F42-A6A2-D13CC47A4CE4}"
EndProject
Global
	GlobalSection(SolutionConfigurationPlatforms) = preSolution
		Debug|x64 = Debug|x64
		Debug|x86 = Debug|x86
		Release|x64 = Release|x64
		Release|x86 = Release|x86
	EndGlobalSection
	GlobalSection(ProjectConfigurationPlatforms) = postSolution
		{65FC5D25-6FCC-4D62-B74E-608CF430AA05}.Debug|x64.ActiveCfg = Debug|x64
		{65FC5D25-6FCC-4D62-B74E-608CF430AA05}.Debug|x64.Build.0 = Debug|x64
		{65FC5D25-6FCC-4D62-B74E-608CF430AA05}.Debug|x86.ActiveCfg = Debug|Win32
		{65FC5D25-6FCC-4D62-B74E-608CF430AA05}.Debug|x86.Build.0 = Debug|Win32
		{65FC5D25-6FCC-4D62-B74E-608CF430AA05}.Release|x64.ActiveCfg = Release|x64
		{65FC5D25-6FCC-4D62-B74E-608CF430AA05}.Release|x64.Build.0 = Release|x64
		{65FC5D25-6FCC-4D62-B74E-608CF430AA05}.Release|x86.ActiveCfg = Release|Win32
		{65FC5D25-6FCC-4D62-B74E-608CF430AA05}.Release|x86.Build.0 = Release|Win32
		{3FF86440-FC89-4F42-A6A2-D13CC47A4CE4}.Debug|x64.ActiveCfg = Debug|x64
		{3FF86440-FC89-4F42-A6A2-D13CC47A4CE4}.Debug|x64.Build.0 = Debug|x64
		{3FF86440-FC89-4F42-A6A2-D13CC47A4CE4}.Debug|x86.ActiveCfg = Debug|Win32
		{3FF86440-FC89-4F42-A6A2-D13CC47A4CE4}.Debug|x86.Build.0 = Debug|Win32
		{3FF86440-FC89-4F42-A6A2-D13CC47A4CE4}.Release|x64.ActiveCfg = Release|x64
		{3FF86440-FC89-4F42-A6A2-D13CC47A4CE4}.Release|x64.Build.0 = Release|x64
		{3FF86440-FC89-4F42-A6A2-D13CC47A4CE4}.Release|x86.ActiveCfg = Release|Win32
		{3FF86440-FC89-4F42-A6A2-D13CC47A4CE4}.Release|x86.Build.0 = Release|Win32
	EndGlobalSection
	GlobalSection(SolutionProperties) = preSolution
		HideSolutionNode = FALSE
	EndGlobalSection
	GlobalSection(ExtensibilityGlobals) = postSolution
		SolutionGuid = {16E8D130-DDBD-4DB8-AC3F-C0383984234A}
	EndGlobalSection
EndGlobal
